<?xml version="1.0" encoding="utf-8"?>
<Project ToolsVersion="4.0" xmlns="http://schemas.microsoft.com/developer/msbuild/2003">
  <ItemGroup>
    <Filter Include="Source Files">
      <UniqueIdentifier>{4FC737F1-C7A5-4376-A066-2A32D752A2FF}</UniqueIdentifier>
      <Extensions>cpp;c;cc;cxx;c++;cppm;ixx;def;odl;idl;hpj;bat;asm;asmx</Extensions>
    </Filter>
    <Filter Include="Header Files">
      <UniqueIdentifier>{93995380-89BD-4b04-88EB-625FBE52EBFB}</UniqueIdentifier>
      <Extensions>h;hh;hpp;hxx;h++;hm;inl;inc;ipp;xsd</Extensions>
    </Filter>
  </ItemGroup>
  <ItemGroup>
    <ClCompile Include="main.cpp">
      <Filter>Source Files</Filter>
    </ClCompile>
    <ClCompile Include="Virus.cpp">
      <Filter>Source Files</Filter>
    </ClCompile>
    <ClCompile Include="Company.cpp">
      <Filter>Source Files</Filter>
    </ClCompile>
    <ClCompile Include="Player.cpp">
      <Filter>Source Files</Filter>
    </ClCompile>
    <ClCompile Include="CyberSecurity.cpp">
      <Filter>Source Files</Filter>
    </ClCompile>
    <ClCompile Include="Game.cpp">
      <Filter>Source Files</Filter>
    </ClCompile>
    <ClCompile Include="Worm.cpp">
      <Filter>Source Files</Filter>
    </ClCompile>
    <ClCompile Include="Upgrades.cpp">
      <Filter>Source Files</Filter>
    </ClCompile>
    <ClCompile Include="News.cpp">
      <Filter>Source Files</Filter>
    </ClCompile>
    <ClCompile Include="Minigame.cpp">
      <Filter>Source Files</Filter>
    </ClCompile>
    <ClCompile Include="Ransomware.cpp">
      <Filter>Source Files</Filter>
    </ClCompile>
    <ClCompile Include="SoundController.cpp">
      <Filter>Source Files</Filter>
    </ClCompile>
    <ClCompile Include="Trojan.cpp">
      <Filter>Source Files</Filter>
    </ClCompile>
  </ItemGroup>
  <ItemGroup>
    <ClInclude Include="Virus.h">
      <Filter>Header Files</Filter>
    </ClInclude>
    <ClInclude Include="Company.h">
      <Filter>Header Files</Filter>
    </ClInclude>
    <ClInclude Include="Player.h">
      <Filter>Header Files</Filter>
    </ClInclude>
    <ClInclude Include="CyberSecurity.h">
      <Filter>Header Files</Filter>
    </ClInclude>
    <ClInclude Include="Game.h">
      <Filter>Header Files</Filter>
    </ClInclude>
    <ClInclude Include="Worm.h">
      <Filter>Header Files</Filter>
    </ClInclude>
    <ClInclude Include="Upgrades.h">
      <Filter>Header Files</Filter>
    </ClInclude>
    <ClInclude Include="News.h">
      <Filter>Header Files</Filter>
    </ClInclude>
    <ClInclude Include="Minigame.h">
      <Filter>Header Files</Filter>
    </ClInclude>
    <ClInclude Include="Ransomware.h">
      <Filter>Header Files</Filter>
    </ClInclude>
    <ClInclude Include="SoundController.h">
      <Filter>Header Files</Filter>
    </ClInclude>
    <ClInclude Include="Trojan.h">
      <Filter>Header Files</Filter>
    </ClInclude>
  </ItemGroup>
  <ItemGroup>
    <Text Include="Logo.txt" />
    <Text Include="barFilledCharacter.txt" />
    <Text Include="barUnfilledCharacter.txt" />
    <Text Include="emptyChickenFrames.txt" />
    <Text Include="LogoInteractToStart1.txt" />
    <Text Include="LogoInteractToStart2.txt" />
    <Text Include="Screen2DialoguePt1.txt" />
    <Text Include="Screen2DialoguePt2.txt" />
    <Text Include="Screen2DialoguePt3.txt" />
    <Text Include="Screen3CompanyStart.txt" />
    <Text Include="Screen3CompanyStart1.txt" />
    <Text Include="Screen3CompanyStart2.txt" />
    <Text Include="Screen3NameVirus.txt" />
    <Text Include="Screen3VirusType.txt" />
    <Text Include="Screen3VirusType1.txt" />
    <Text Include="Screen3VirusType2.txt" />
    <Text Include="Screen3Welcome.txt" />
    <Text Include="Screen4GameplayUI1.txt" />
    <Text Include="Screen4GameplayUI2.txt" />
    <Text Include="Screen4GameplayUI3.txt" />
    <Text Include="Screen5BuildingBottom.txt" />
    <Text Include="Screen5BuildingCenterClone.txt" />
    <Text Include="Screen5BuildingTop.txt" />
    <Text Include="tempEdit.txt" />
    <Text Include="yes.txt" />
    <Text Include="Screen4GameplayUI4.txt" />
    <Text Include="Screen4GameplayUIEnd.txt" />
  </ItemGroup>
  <ItemGroup>
    <Media Include="..\..\..\..\Downloads\hacking-sfx.wav" />
    <Media Include="resources\yipeeee.wav" />
  </ItemGroup>
</Project>